
Microsoft Visual Studio Solution File, Format Version 12.00
# Visual Studio Version 17
VisualStudioVersion = 17.7.34024.191
MinimumVisualStudioVersion = 10.0.40219.1
Project("{FAE04EC0-301F-11D3-BF4B-00C04F79EFBC}") = "csharp-abstract-animals", "csharp-abstract-animals\csharp-abstract-animals.csproj", "{CF7B1CE0-5684-48A1-A698-4F24E0B8A49E}"
EndProject
Global
	GlobalSection(SolutionConfigurationPlatforms) = preSolution
		Debug|Any CPU = Debug|Any CPU
		Release|Any CPU = Release|Any CPU
	EndGlobalSection
	GlobalSection(ProjectConfigurationPlatforms) = postSolution
		{CF7B1CE0-5684-48A1-A698-4F24E0B8A49E}.Debug|Any CPU.ActiveCfg = Debug|Any CPU
		{CF7B1CE0-5684-48A1-A698-4F24E0B8A49E}.Debug|Any CPU.Build.0 = Debug|Any CPU
		{CF7B1CE0-5684-48A1-A698-4F24E0B8A49E}.Release|Any CPU.ActiveCfg = Release|Any CPU
		{CF7B1CE0-5684-48A1-A698-4F24E0B8A49E}.Release|Any CPU.Build.0 = Release|Any CPU
	EndGlobalSection
	GlobalSection(SolutionProperties) = preSolution
		HideSolutionNode = FALSE
	EndGlobalSection
	GlobalSection(ExtensibilityGlobals) = postSolution
		SolutionGuid = {64293A8E-038E-46AF-85C9-49F6A8F99A59}
	EndGlobalSection
EndGlobal
